{
  "requires": true,
  "lockfileVersion": 1,
  "dependencies": {
    "accepts": {
      "version": "1.0.7",
      "resolved": "https://registry.npmjs.org/accepts/-/accepts-1.0.7.tgz",
      "integrity": "sha1-W1AftPBwQwmWTM2wSBclQSCNqxo=",
      "requires": {
        "mime-types": "1.0.0",
        "negotiator": "0.4.7"
      }
    },
    "after": {
      "version": "0.8.1",
      "resolved": "https://registry.npmjs.org/after/-/after-0.8.1.tgz",
      "integrity": "sha1-q11PuIP1loFtNRX495HAr0ht1ic="
    },
    "amdefine": {
      "version": "1.0.1",
      "resolved": "https://registry.npmjs.org/amdefine/-/amdefine-1.0.1.tgz",
      "integrity": "sha1-SlKCrBZHKek2Gbz9OtFR+BfOkfU="
    },
    "arraybuffer.slice": {
      "version": "0.0.6",
      "resolved": "https://registry.npmjs.org/arraybuffer.slice/-/arraybuffer.slice-0.0.6.tgz",
      "integrity": "sha1-8zshWfBTKj8xB6JywMz70a0peco="
    },
    "async": {
      "version": "0.2.10",
      "resolved": "https://registry.npmjs.org/async/-/async-0.2.10.tgz",
      "integrity": "sha1-trvgsGdLnXGXCMo43owjfLUmw9E="
    },
    "balanced-match": {
      "version": "1.0.0",
      "resolved": "https://registry.npmjs.org/balanced-match/-/balanced-match-1.0.0.tgz",
      "integrity": "sha1-ibTRmasr7kneFk6gK4nORi1xt2c="
    },
    "base64-arraybuffer": {
      "version": "0.1.2",
      "resolved": "https://registry.npmjs.org/base64-arraybuffer/-/base64-arraybuffer-0.1.2.tgz",
      "integrity": "sha1-R030qfLaJOBd8xWMOx2zw81GoVQ="
    },
    "base64id": {
      "version": "0.1.0",
      "resolved": "https://registry.npmjs.org/base64id/-/base64id-0.1.0.tgz",
      "integrity": "sha1-As4P3u4M709ACA4ec+g08LG/zj8="
    },
    "better-assert": {
      "version": "1.0.2",
      "resolved": "https://registry.npmjs.org/better-assert/-/better-assert-1.0.2.tgz",
      "integrity": "sha1-QIZrnhueC1W0gYlDEeaPr/rrxSI=",
      "requires": {
        "callsite": "1.0.0"
      }
    },
    "blob": {
      "version": "0.0.2",
      "resolved": "https://registry.npmjs.org/blob/-/blob-0.0.2.tgz",
      "integrity": "sha1-uJVivWmUr5W6HoEhVVNjM6ojzyQ="
    },
    "body-parser": {
      "version": "1.4.3",
      "resolved": "https://registry.npmjs.org/body-parser/-/body-parser-1.4.3.tgz",
      "integrity": "sha1-RyeVLP9K8Hc+76SyJsL0Ei9eI00=",
      "requires": {
        "bytes": "1.0.0",
        "depd": "0.3.0",
        "iconv-lite": "0.4.3",
        "media-typer": "0.2.0",
        "qs": "0.6.6",
        "raw-body": "1.2.2",
        "type-is": "1.3.1"
      }
    },
    "brace-expansion": {
      "version": "1.1.8",
      "resolved": "https://registry.npmjs.org/brace-expansion/-/brace-expansion-1.1.8.tgz",
      "integrity": "sha1-wHshHHyVLsH479Uad+8NHTmQopI=",
      "requires": {
        "balanced-match": "1.0.0",
        "concat-map": "0.0.1"
      }
    },
    "buffer-crc32": {
      "version": "0.2.3",
      "resolved": "https://registry.npmjs.org/buffer-crc32/-/buffer-crc32-0.2.3.tgz",
      "integrity": "sha1-u1RRnpXRB8vSQA520MqxRnM22SE="
    },
    "bytes": {
      "version": "1.0.0",
      "resolved": "https://registry.npmjs.org/bytes/-/bytes-1.0.0.tgz",
      "integrity": "sha1-NWnt6Lo0MV+rmcPpLLBMciDeH6g="
    },
    "callsite": {
      "version": "1.0.0",
      "resolved": "https://registry.npmjs.org/callsite/-/callsite-1.0.0.tgz",
      "integrity": "sha1-KAOY5dZkvXQDi28JBRU+borxvCA="
    },
    "camelcase": {
      "version": "1.2.1",
      "resolved": "https://registry.npmjs.org/camelcase/-/camelcase-1.2.1.tgz",
      "integrity": "sha1-m7UwTS4LVmmLLHWLCKPqqdqlijk="
    },
    "character-parser": {
      "version": "1.2.0",
      "resolved": "https://registry.npmjs.org/character-parser/-/character-parser-1.2.0.tgz",
      "integrity": "sha1-lBNNbl2HCjm+NZ99IkYJNRhN3vY="
    },
    "commander": {
      "version": "2.1.0",
      "resolved": "https://registry.npmjs.org/commander/-/commander-2.1.0.tgz",
      "integrity": "sha1-0SG7roYNmZKj1Re6lvVliOR8Z4E="
    },
    "component-bind": {
      "version": "1.0.0",
      "resolved": "https://registry.npmjs.org/component-bind/-/component-bind-1.0.0.tgz",
      "integrity": "sha1-AMYIq33Nk4l8AAllGx06jh5zu9E="
    },
    "component-emitter": {
      "version": "1.1.2",
      "resolved": "https://registry.npmjs.org/component-emitter/-/component-emitter-1.1.2.tgz",
      "integrity": "sha1-KWWU8nU9qmOZbSrwjRWpURbJrsM="
    },
    "component-inherit": {
      "version": "0.0.3",
      "resolved": "https://registry.npmjs.org/component-inherit/-/component-inherit-0.0.3.tgz",
      "integrity": "sha1-ZF/ErfWLcrZJ1crmUTVhnbJv8UM="
    },
    "concat-map": {
      "version": "0.0.1",
      "resolved": "https://registry.npmjs.org/concat-map/-/concat-map-0.0.1.tgz",
      "integrity": "sha1-2Klr13/Wjfd5OnMDajug1UBdR3s="
    },
    "constantinople": {
      "version": "2.0.1",
      "resolved": "https://registry.npmjs.org/constantinople/-/constantinople-2.0.1.tgz",
      "integrity": "sha1-WCn4VvMBqb2xB9k1932OuMzsTHk=",
      "requires": {
        "uglify-js": "2.4.24"
      }
    },
    "cookie": {
      "version": "0.1.2",
      "resolved": "https://registry.npmjs.org/cookie/-/cookie-0.1.2.tgz",
      "integrity": "sha1-cv7D0k5Io0Mgc9kMEmQgBQYQBLE="
    },
    "cookie-signature": {
      "version": "1.0.4",
      "resolved": "https://registry.npmjs.org/cookie-signature/-/cookie-signature-1.0.4.tgz",
      "integrity": "sha1-Dt0iKG46ERuaKnDbNj6SXoZ/aso="
    },
    "css": {
      "version": "1.0.8",
      "resolved": "https://registry.npmjs.org/css/-/css-1.0.8.tgz",
      "integrity": "sha1-k4aBHKgrzMnuf7WnMrHioxfIo+c=",
      "requires": {
        "css-parse": "1.0.4",
        "css-stringify": "1.0.5"
      }
    },
    "css-parse": {
      "version": "1.0.4",
      "resolved": "https://registry.npmjs.org/css-parse/-/css-parse-1.0.4.tgz",
      "integrity": "sha1-OLBQP7+dqfVOnB29pg4UXHcRe90="
    },
    "css-stringify": {
      "version": "1.0.5",
      "resolved": "https://registry.npmjs.org/css-stringify/-/css-stringify-1.0.5.tgz",
      "integrity": "sha1-sNBClG2ylTu50pKQCmy19tASIDE="
    },
    "debug": {
      "version": "1.0.3",
      "resolved": "https://registry.npmjs.org/debug/-/debug-1.0.3.tgz",
      "integrity": "sha1-/IxrLWACgEtAgcAgjg9kYLofo+Q=",
      "requires": {
        "ms": "0.6.2"
      }
    },
    "decamelize": {
      "version": "1.2.0",
      "resolved": "https://registry.npmjs.org/decamelize/-/decamelize-1.2.0.tgz",
      "integrity": "sha1-9lNNFRSCabIDUue+4m9QH5oZEpA="
    },
    "depd": {
      "version": "0.3.0",
      "resolved": "https://registry.npmjs.org/depd/-/depd-0.3.0.tgz",
      "integrity": "sha1-Ecm8KOQlMl+9iziUC+/2n6UyaIM="
    },
    "ee-first": {
      "version": "1.0.3",
      "resolved": "https://registry.npmjs.org/ee-first/-/ee-first-1.0.3.tgz",
      "integrity": "sha1-bJjECJq+y1p7hcGsRJqmA9Oz2r4="
    },
    "emitter": {
      "version": "http://github.com/component/emitter/archive/1.0.1.tar.gz",
      "integrity": "sha1-7PKzJFMi7v04QJ/7iZ4NAAP6b+k=",
      "requires": {
        "indexof": "0.0.1"
      }
    },
    "engine.io": {
      "version": "1.3.1",
      "resolved": "https://registry.npmjs.org/engine.io/-/engine.io-1.3.1.tgz",
      "integrity": "sha1-LZaDCP/65dF/Ugm2d1JG6Q2KcF4=",
      "requires": {
        "base64id": "0.1.0",
        "debug": "0.6.0",
        "engine.io-parser": "1.0.6",
        "ws": "0.4.31"
      },
      "dependencies": {
        "debug": {
          "version": "0.6.0",
          "resolved": "https://registry.npmjs.org/debug/-/debug-0.6.0.tgz",
          "integrity": "sha1-zp1dAl1SlLPwdIpJS+uvPJ/Yc08="
        }
      }
    },
    "engine.io-client": {
      "version": "1.3.1",
      "resolved": "https://registry.npmjs.org/engine.io-client/-/engine.io-client-1.3.1.tgz",
      "integrity": "sha1-HFpl1cWvbQS0TCLD282Vw57RyYk=",
      "requires": {
        "component-emitter": "1.1.2",
        "component-inherit": "0.0.3",
        "debug": "0.7.4",
        "engine.io-parser": "1.0.6",
        "has-cors": "1.0.3",
        "indexof": "0.0.1",
        "parsejson": "0.0.1",
        "parseqs": "0.0.2",
        "parseuri": "0.0.2",
        "ws": "0.4.31",
        "xmlhttprequest": "https://github.com/LearnBoost/node-XMLHttpRequest/archive/0f36d0b5ebc03d85f860d42a64ae9791e1daa433.tar.gz"
      },
      "dependencies": {
        "debug": {
          "version": "0.7.4",
          "resolved": "https://registry.npmjs.org/debug/-/debug-0.7.4.tgz",
          "integrity": "sha1-BuHqgILCyxTjmAbiLi9vdX+Srzk="
        }
      }
    },
    "engine.io-parser": {
      "version": "1.0.6",
      "resolved": "https://registry.npmjs.org/engine.io-parser/-/engine.io-parser-1.0.6.tgz",
      "integrity": "sha1-04gTFDpBHLO5FBMqsFv5nm96JI4=",
      "requires": {
        "after": "0.8.1",
        "arraybuffer.slice": "0.0.6",
        "base64-arraybuffer": "0.1.2",
        "blob": "0.0.2",
        "utf8": "2.0.0"
      }
    },
    "escape-html": {
      "version": "1.0.1",
      "resolved": "https://registry.npmjs.org/escape-html/-/escape-html-1.0.1.tgz",
      "integrity": "sha1-GBoobq05ejmpKFfPsdQwUuNWv/A="
    },
    "express": {
      "version": "4.6.1",
      "resolved": "https://registry.npmjs.org/express/-/express-4.6.1.tgz",
      "integrity": "sha1-yAblF1XLRTuhf6wvNDyv9q+IXfQ=",
      "requires": {
        "accepts": "1.0.7",
        "buffer-crc32": "0.2.3",
        "cookie": "0.1.2",
        "cookie-signature": "1.0.4",
        "debug": "1.0.3",
        "depd": "0.3.0",
        "escape-html": "1.0.1",
        "finalhandler": "0.0.3",
        "fresh": "0.2.2",
        "media-typer": "0.2.0",
        "merge-descriptors": "0.0.2",
        "methods": "1.1.0",
        "parseurl": "1.1.3",
        "path-to-regexp": "0.1.3",
        "proxy-addr": "1.0.1",
        "qs": "0.6.6",
        "range-parser": "1.0.0",
        "send": "0.6.0",
        "serve-static": "1.3.2",
        "type-is": "1.3.2",
        "utils-merge": "1.0.0",
        "vary": "0.1.0"
      },
      "dependencies": {
        "mime-types": {
          "version": "1.0.2",
          "resolved": "https://registry.npmjs.org/mime-types/-/mime-types-1.0.2.tgz",
          "integrity": "sha1-mVrhOSq4r/y/yyZB3QVOlDwNXc4="
        },
        "type-is": {
          "version": "1.3.2",
          "resolved": "https://registry.npmjs.org/type-is/-/type-is-1.3.2.tgz",
          "integrity": "sha1-TypdxYd1yhYwJQr8cYb4s2MJ0bs=",
          "requires": {
            "media-typer": "0.2.0",
            "mime-types": "1.0.2"
          }
        }
      }
    },
    "finalhandler": {
      "version": "0.0.3",
      "resolved": "https://registry.npmjs.org/finalhandler/-/finalhandler-0.0.3.tgz",
      "integrity": "sha1-Woa3vE3KPRJ16wUyyB7oHXR1BN8=",
      "requires": {
        "debug": "1.0.3",
        "escape-html": "1.0.1"
      }
    },
    "finished": {
      "version": "1.2.2",
      "resolved": "https://registry.npmjs.org/finished/-/finished-1.2.2.tgz",
      "integrity": "sha1-QWCOr639ZWg7RqEiC8Sx7D2u3Ng=",
      "requires": {
        "ee-first": "1.0.3"
      }
    },
    "fresh": {
      "version": "0.2.2",
      "resolved": "https://registry.npmjs.org/fresh/-/fresh-0.2.2.tgz",
      "integrity": "sha1-lzHc9WeMf660T7kDxPct9VGH+nc="
    },
    "global": {
      "version": "https://github.com/component/global/archive/v2.0.1.tar.gz",
      "integrity": "sha1-P7JTQ/tm15mRsPSkKc47VEgO7Dw="
    },
    "has-binary-data": {
      "version": "0.1.1",
      "resolved": "https://registry.npmjs.org/has-binary-data/-/has-binary-data-0.1.1.tgz",
      "integrity": "sha1-4QdJ+4eCilLflvQIZYfrSgOWZDk=",
      "requires": {
        "isarray": "0.0.1"
      }
    },
    "has-cors": {
      "version": "1.0.3",
      "resolved": "https://registry.npmjs.org/has-cors/-/has-cors-1.0.3.tgz",
      "integrity": "sha1-UCrLmzEE2sM90mMOry+IiwuvTLM=",
      "requires": {
        "global": "https://github.com/component/global/archive/v2.0.1.tar.gz"
      }
    },
    "iconv-lite": {
      "version": "0.4.3",
      "resolved": "https://registry.npmjs.org/iconv-lite/-/iconv-lite-0.4.3.tgz",
      "integrity": "sha1-nniHeTt2nMaV6yLSVGpP0tebeh4="
    },
    "indexof": {
      "version": "0.0.1",
      "resolved": "https://registry.npmjs.org/indexof/-/indexof-0.0.1.tgz",
      "integrity": "sha1-gtwzbSMrkGIXnQWrMpOmYFn9Q10="
    },
    "ipaddr.js": {
      "version": "0.1.2",
      "resolved": "https://registry.npmjs.org/ipaddr.js/-/ipaddr.js-0.1.2.tgz",
      "integrity": "sha1-ah/T2FT1ACllw017vNm0qNSwRn4="
    },
    "is-promise": {
      "version": "1.0.1",
      "resolved": "https://registry.npmjs.org/is-promise/-/is-promise-1.0.1.tgz",
      "integrity": "sha1-MVc3YcBX4zwukaq56W2gjO++duU="
    },
    "isarray": {
      "version": "0.0.1",
      "resolved": "https://registry.npmjs.org/isarray/-/isarray-0.0.1.tgz",
      "integrity": "sha1-ihis/Kmo9Bd+Cav8YDiTmwXR7t8="
    },
    "jade": {
      "version": "1.4.2",
      "resolved": "https://registry.npmjs.org/jade/-/jade-1.4.2.tgz",
      "integrity": "sha1-OfiuAT3xmjF89DBjiC6nN/lZPBY=",
      "requires": {
        "character-parser": "1.2.0",
        "commander": "2.1.0",
        "constantinople": "2.0.1",
        "mkdirp": "0.5.1",
        "monocle": "1.1.51",
        "transformers": "2.1.0",
        "with": "3.0.1"
      }
    },
    "json3": {
      "version": "3.2.6",
      "resolved": "https://registry.npmjs.org/json3/-/json3-3.2.6.tgz",
      "integrity": "sha1-9u/JPAagTemuxTBT3yVZuxniA4s="
    },
    "media-typer": {
      "version": "0.2.0",
      "resolved": "https://registry.npmjs.org/media-typer/-/media-typer-0.2.0.tgz",
      "integrity": "sha1-2KBlITrf6qLnYyGitt2jb/YzWYQ="
    },
    "merge-descriptors": {
      "version": "0.0.2",
      "resolved": "https://registry.npmjs.org/merge-descriptors/-/merge-descriptors-0.0.2.tgz",
      "integrity": "sha1-w2pSp4FDdRPFcnXzndnTF1FKyMc="
    },
    "methods": {
      "version": "1.1.0",
      "resolved": "https://registry.npmjs.org/methods/-/methods-1.1.0.tgz",
      "integrity": "sha1-XcpO4S31L/OwVhRZhqjwHLyGQ28="
    },
    "mime": {
      "version": "1.2.11",
      "resolved": "https://registry.npmjs.org/mime/-/mime-1.2.11.tgz",
      "integrity": "sha1-WCA+7Ybjpe8XrtK32evUfwpg3RA="
    },
    "mime-types": {
      "version": "1.0.0",
      "resolved": "https://registry.npmjs.org/mime-types/-/mime-types-1.0.0.tgz",
      "integrity": "sha1-antKavLn2S+Xr+A/BHx4AejwAdI="
    },
    "minimatch": {
      "version": "3.0.4",
      "resolved": "https://registry.npmjs.org/minimatch/-/minimatch-3.0.4.tgz",
      "integrity": "sha512-yJHVQEhyqPLUTgt9B83PXu6W3rx4MvvHvSUvToogpwoGDOUQ+yDrR0HRot+yOCdCO7u4hX3pWft6kWBBcqh0UA==",
      "requires": {
        "brace-expansion": "1.1.8"
      }
    },
    "minimist": {
      "version": "0.0.8",
      "resolved": "https://registry.npmjs.org/minimist/-/minimist-0.0.8.tgz",
      "integrity": "sha1-hX/Kv8M5fSYluCKCYuhqp6ARsF0="
    },
    "mkdirp": {
      "version": "0.5.1",
      "resolved": "https://registry.npmjs.org/mkdirp/-/mkdirp-0.5.1.tgz",
      "integrity": "sha1-MAV0OOrGz3+MR2fzhkjWaX11yQM=",
      "requires": {
        "minimist": "0.0.8"
      }
    },
    "monocle": {
      "version": "1.1.51",
      "resolved": "https://registry.npmjs.org/monocle/-/monocle-1.1.51.tgz",
      "integrity": "sha1-Iu0W4RLpsFZ2nFzKySDjdSSdicA=",
      "requires": {
        "readdirp": "0.2.5"
      }
    },
    "ms": {
      "version": "0.6.2",
      "resolved": "https://registry.npmjs.org/ms/-/ms-0.6.2.tgz",
      "integrity": "sha1-2JwhJMb9wTU9Zai3e/GqxLGTcIw="
    },
    "nan": {
      "version": "0.3.2",
      "resolved": "https://registry.npmjs.org/nan/-/nan-0.3.2.tgz",
      "integrity": "sha1-DfGTXKsVNpB17xYK0olBB6oU3C0="
    },
    "negotiator": {
      "version": "0.4.7",
      "resolved": "https://registry.npmjs.org/negotiator/-/negotiator-0.4.7.tgz",
      "integrity": "sha1-pBYPcXfsgGc4Yx0NMFIyXaQqvcg="
    },
    "object-component": {
      "version": "0.0.3",
      "resolved": "https://registry.npmjs.org/object-component/-/object-component-0.0.3.tgz",
      "integrity": "sha1-8MaapQ78lbhmwYb0AKM3acsvEpE="
    },
    "optimist": {
      "version": "0.3.7",
      "resolved": "https://registry.npmjs.org/optimist/-/optimist-0.3.7.tgz",
      "integrity": "sha1-yQlBrVnkJzMokjB00s8ufLxuwNk=",
      "requires": {
        "wordwrap": "0.0.2"
      }
    },
    "options": {
      "version": "0.0.6",
      "resolved": "https://registry.npmjs.org/options/-/options-0.0.6.tgz",
      "integrity": "sha1-7CLTEoBrtT5zF3Pnza788cZDEo8="
    },
    "parsejson": {
      "version": "0.0.1",
      "resolved": "https://registry.npmjs.org/parsejson/-/parsejson-0.0.1.tgz",
      "integrity": "sha1-mxDGwNglq1ieaFFTgm3go7oni8w=",
      "requires": {
        "better-assert": "1.0.2"
      }
    },
    "parseqs": {
      "version": "0.0.2",
      "resolved": "https://registry.npmjs.org/parseqs/-/parseqs-0.0.2.tgz",
      "integrity": "sha1-nf5wss3aw4i95PNbHyQPpYrb5sc=",
      "requires": {
        "better-assert": "1.0.2"
      }
    },
    "parseuri": {
      "version": "0.0.2",
      "resolved": "https://registry.npmjs.org/parseuri/-/parseuri-0.0.2.tgz",
      "integrity": "sha1-20GHjy1pZHGL6HCzFAlz2Ak74VY=",
      "requires": {
        "better-assert": "1.0.2"
      }
    },
    "parseurl": {
      "version": "1.1.3",
      "resolved": "https://registry.npmjs.org/parseurl/-/parseurl-1.1.3.tgz",
      "integrity": "sha1-HwBXOKxxtBe8LQhFy9+iqLY+pjk="
    },
    "path-to-regexp": {
      "version": "0.1.3",
      "resolved": "https://registry.npmjs.org/path-to-regexp/-/path-to-regexp-0.1.3.tgz",
      "integrity": "sha1-IbmrgidCed4lsVbqCP0SylG4rss="
    },
    "promise": {
      "version": "2.0.0",
      "resolved": "https://registry.npmjs.org/promise/-/promise-2.0.0.tgz",
      "integrity": "sha1-RmSKqdYFr10ucMMCS/WUNtoCuA4=",
      "requires": {
        "is-promise": "1.0.1"
      }
    },
    "proxy-addr": {
      "version": "1.0.1",
      "resolved": "https://registry.npmjs.org/proxy-addr/-/proxy-addr-1.0.1.tgz",
      "integrity": "sha1-x8Vm1etOP61n7rnHfFVYzMObiKg=",
      "requires": {
        "ipaddr.js": "0.1.2"
      }
    },
    "qs": {
      "version": "0.6.6",
      "resolved": "https://registry.npmjs.org/qs/-/qs-0.6.6.tgz",
      "integrity": "sha1-bgFQmP9RlouKPIGQAdXyyJvEsQc="
    },
    "range-parser": {
      "version": "1.0.0",
      "resolved": "https://registry.npmjs.org/range-parser/-/range-parser-1.0.0.tgz",
      "integrity": "sha1-pLJkz+C+XONqvjdlrJwqJIdG28A="
    },
    "raw-body": {
      "version": "1.2.2",
      "resolved": "https://registry.npmjs.org/raw-body/-/raw-body-1.2.2.tgz",
      "integrity": "sha1-DGjh7ijP7X26SCIjSuxgeEYcvB8=",
      "requires": {
        "bytes": "1.0.0",
        "iconv-lite": "0.4.3"
      }
    },
    "readdirp": {
      "version": "0.2.5",
      "resolved": "https://registry.npmjs.org/readdirp/-/readdirp-0.2.5.tgz",
      "integrity": "sha1-xMJ25Sl3riXbUZH+UdAIVQ8V2bs=",
      "requires": {
        "minimatch": "3.0.4"
      }
    },
    "send": {
      "version": "0.6.0",
      "resolved": "https://registry.npmjs.org/send/-/send-0.6.0.tgz",
      "integrity": "sha1-pZ2pJl23w1FB4Qec8fNo7g1Zs6s=",
      "requires": {
        "debug": "1.0.3",
        "depd": "0.3.0",
        "escape-html": "1.0.1",
        "finished": "1.2.2",
        "fresh": "0.2.2",
        "mime": "1.2.11",
        "ms": "0.6.2",
        "range-parser": "1.0.0"
      }
    },
    "serve-static": {
      "version": "1.3.2",
      "resolved": "https://registry.npmjs.org/serve-static/-/serve-static-1.3.2.tgz",
      "integrity": "sha1-2QSmy/VfURx4E49vRe5uadnRBco=",
      "requires": {
        "escape-html": "1.0.1",
        "parseurl": "1.1.3",
        "send": "0.6.0"
      }
    },
    "socket.io": {
      "version": "1.0.6",
      "resolved": "https://registry.npmjs.org/socket.io/-/socket.io-1.0.6.tgz",
      "integrity": "sha1-tWZTKIja46yQWKEvKUAV69+oCEo=",
      "requires": {
        "debug": "0.7.4",
        "engine.io": "1.3.1",
        "has-binary-data": "0.1.1",
        "socket.io-adapter": "0.2.0",
        "socket.io-client": "1.0.6",
        "socket.io-parser": "2.2.0"
      },
      "dependencies": {
        "debug": {
          "version": "0.7.4",
          "resolved": "https://registry.npmjs.org/debug/-/debug-0.7.4.tgz",
          "integrity": "sha1-BuHqgILCyxTjmAbiLi9vdX+Srzk="
        }
      }
    },
    "socket.io-adapter": {
      "version": "0.2.0",
      "resolved": "https://registry.npmjs.org/socket.io-adapter/-/socket.io-adapter-0.2.0.tgz",
      "integrity": "sha1-vTkym4lhNxeH4k80WwdOyc8ADjM=",
      "requires": {
        "debug": "0.7.4",
        "socket.io-parser": "2.1.2"
      },
      "dependencies": {
        "debug": {
          "version": "0.7.4",
          "resolved": "https://registry.npmjs.org/debug/-/debug-0.7.4.tgz",
          "integrity": "sha1-BuHqgILCyxTjmAbiLi9vdX+Srzk="
        },
        "socket.io-parser": {
          "version": "2.1.2",
          "resolved": "https://registry.npmjs.org/socket.io-parser/-/socket.io-parser-2.1.2.tgz",
          "integrity": "sha1-h2ZVue3VVcW99zAc7fMKQ2xnuLA=",
          "requires": {
            "debug": "0.7.4",
            "emitter": "http://github.com/component/emitter/archive/1.0.1.tar.gz",
            "isarray": "0.0.1",
            "json3": "3.2.6"
          }
        }
      }
    },
    "socket.io-client": {
      "version": "1.0.6",
      "resolved": "https://registry.npmjs.org/socket.io-client/-/socket.io-client-1.0.6.tgz",
      "integrity": "sha1-yGyz5QerL5baRQC9NPz0ah6d/l4=",
      "requires": {
        "component-bind": "1.0.0",
        "component-emitter": "1.1.2",
        "debug": "0.7.4",
        "engine.io-client": "1.3.1",
        "has-binary-data": "0.1.1",
        "indexof": "0.0.1",
        "object-component": "0.0.3",
        "parseuri": "0.0.2",
        "socket.io-parser": "2.2.0",
        "to-array": "0.1.3"
      },
      "dependencies": {
        "debug": {
          "version": "0.7.4",
          "resolved": "https://registry.npmjs.org/debug/-/debug-0.7.4.tgz",
          "integrity": "sha1-BuHqgILCyxTjmAbiLi9vdX+Srzk="
        }
      }
    },
    "socket.io-parser": {
      "version": "2.2.0",
      "resolved": "https://registry.npmjs.org/socket.io-parser/-/socket.io-parser-2.2.0.tgz",
      "integrity": "sha1-JglgH1nmp/q0NqU749Mz+7/L0wo=",
      "requires": {
        "debug": "0.7.4",
        "emitter": "http://github.com/component/emitter/archive/1.0.1.tar.gz",
        "isarray": "0.0.1",
        "json3": "3.2.6"
      },
      "dependencies": {
        "debug": {
          "version": "0.7.4",
          "resolved": "https://registry.npmjs.org/debug/-/debug-0.7.4.tgz",
          "integrity": "sha1-BuHqgILCyxTjmAbiLi9vdX+Srzk="
        }
      }
    },
    "source-map": {
      "version": "0.1.34",
      "resolved": "https://registry.npmjs.org/source-map/-/source-map-0.1.34.tgz",
      "integrity": "sha1-p8/omux7FoLDsZjQrPtH19CQVms=",
      "requires": {
        "amdefine": "1.0.1"
      }
    },
    "tinycolor": {
      "version": "0.0.1",
      "resolved": "https://registry.npmjs.org/tinycolor/-/tinycolor-0.0.1.tgz",
      "integrity": "sha1-MgtaUtg6u1l42Bo+iH1K77FaYWQ="
    },
    "to-array": {
      "version": "0.1.3",
      "resolved": "https://registry.npmjs.org/to-array/-/to-array-0.1.3.tgz",
      "integrity": "sha1-1F2txjY0F/YPKEdP6lDs3btPSZE="
    },
    "transformers": {
      "version": "2.1.0",
      "resolved": "https://registry.npmjs.org/transformers/-/transformers-2.1.0.tgz",
      "integrity": "sha1-XSPLNVYd2F3Gf7hIIwm0fVPM6ac=",
      "requires": {
        "css": "1.0.8",
        "promise": "2.0.0",
        "uglify-js": "2.2.5"
      },
      "dependencies": {
        "uglify-js": {
          "version": "2.2.5",
          "resolved": "https://registry.npmjs.org/uglify-js/-/uglify-js-2.2.5.tgz",
          "integrity": "sha1-puAqcNg5eSuXgEiLe4sYTAlcmcc=",
          "requires": {
            "optimist": "0.3.7",
            "source-map": "0.1.34"
          }
        }
      }
    },
    "type-is": {
      "version": "1.3.1",
      "resolved": "https://registry.npmjs.org/type-is/-/type-is-1.3.1.tgz",
      "integrity": "sha1-pnibWlITgomt4e+PbZ8odP/XC2s=",
      "requires": {
        "media-typer": "0.2.0",
        "mime-types": "1.0.0"
      }
    },
    "uglify-js": {
      "version": "2.4.24",
      "resolved": "https://registry.npmjs.org/uglify-js/-/uglify-js-2.4.24.tgz",
      "integrity": "sha1-+tV1XB4Vd2WLsG/5q25UjJW+vW4=",
      "requires": {
        "async": "0.2.10",
        "source-map": "0.1.34",
        "uglify-to-browserify": "1.0.2",
        "yargs": "3.5.4"
      }
    },
    "uglify-to-browserify": {
      "version": "1.0.2",
      "resolved": "https://registry.npmjs.org/uglify-to-browserify/-/uglify-to-browserify-1.0.2.tgz",
      "integrity": "sha1-bgkk1r2mta/jSeOabWMoUKD4grc="
    },
    "underscore": {
      "version": "1.6.0",
      "resolved": "https://registry.npmjs.org/underscore/-/underscore-1.6.0.tgz",
      "integrity": "sha1-izixDKze9jM3uLJOT/htRa6lKag="
    },
    "utf8": {
      "version": "2.0.0",
      "resolved": "https://registry.npmjs.org/utf8/-/utf8-2.0.0.tgz",
      "integrity": "sha1-ec5Z7O2HSAnKuacfxxAsfUXUEY0="
    },
    "utils-merge": {
      "version": "1.0.0",
      "resolved": "https://registry.npmjs.org/utils-merge/-/utils-merge-1.0.0.tgz",
      "integrity": "sha1-ApT7kiu5N1FTVBxPcJYjHyh8ivg="
    },
    "vary": {
      "version": "0.1.0",
      "resolved": "https://registry.npmjs.org/vary/-/vary-0.1.0.tgz",
      "integrity": "sha1-3wlFiZ6TwMxb0YzIMh2dIedPYXY="
    },
    "window-size": {
      "version": "0.1.0",
      "resolved": "https://registry.npmjs.org/window-size/-/window-size-0.1.0.tgz",
      "integrity": "sha1-VDjNLqk7IC76Ohn+iIeu58lPnJ0="
    },
    "with": {
      "version": "3.0.1",
      "resolved": "https://registry.npmjs.org/with/-/with-3.0.1.tgz",
      "integrity": "sha1-CDVNpBAkPPYXP7FCuwTmxm+W+FQ=",
      "requires": {
        "uglify-js": "2.4.24"
      }
    },
    "wordwrap": {
      "version": "0.0.2",
      "resolved": "https://registry.npmjs.org/wordwrap/-/wordwrap-0.0.2.tgz",
      "integrity": "sha1-t5Zpu0LstAn4PVg8rVLKF+qhZD8="
    },
    "ws": {
      "version": "0.4.31",
      "resolved": "https://registry.npmjs.org/ws/-/ws-0.4.31.tgz",
      "integrity": "sha1-WkhJ56nM0e1aga60hHyf7fMSKSc=",
      "requires": {
        "commander": "0.6.1",
        "nan": "0.3.2",
        "options": "0.0.6",
        "tinycolor": "0.0.1"
      },
      "dependencies": {
        "commander": {
          "version": "0.6.1",
          "resolved": "https://registry.npmjs.org/commander/-/commander-0.6.1.tgz",
          "integrity": "sha1-+mihT2qUXVTbvlDYzbMyDp47GgY="
        }
      }
    },
    "xmlhttprequest": {
      "version": "https://github.com/LearnBoost/node-XMLHttpRequest/archive/0f36d0b5ebc03d85f860d42a64ae9791e1daa433.tar.gz",
      "integrity": "sha1-D11TE5u2t2PvXKklZSYrn5sgh7k="
    },
    "yargs": {
      "version": "3.5.4",
      "resolved": "https://registry.npmjs.org/yargs/-/yargs-3.5.4.tgz",
      "integrity": "sha1-2K/49mXpTDS9JZvevRv68N3TU2E=",
      "requires": {
        "camelcase": "1.2.1",
        "decamelize": "1.2.0",
        "window-size": "0.1.0",
        "wordwrap": "0.0.2"
      }
    }
  }
}
